
Microsoft Visual Studio Solution File, Format Version 12.00
# Visual Studio Version 17
VisualStudioVersion = 17.0.31423.177
MinimumVisualStudioVersion = 10.0.40219.1
Project("{9A19103F-16F7-4668-BE54-9A1E7A4F7556}") = "App.Server", "App\Server\App.Server.csproj", "{535D77E5-A7FC-42DD-BCEC-776040A0E2A0}"
EndProject
Project("{9A19103F-16F7-4668-BE54-9A1E7A4F7556}") = "App.Client", "App\Client\App.Client.csproj", "{003E8C99-1E0D-4ABA-A87F-EFA2F8831732}"
EndProject
Project("{9A19103F-16F7-4668-BE54-9A1E7A4F7556}") = "App.Contract", "App\Contract\App.Contract.csproj", "{EAC20636-012C-4CBE-B7CA-E719F4A0621F}"
EndProject
Project("{2150E333-8FDC-42A3-9474-1A3956D46DE8}") = "Solution Items", "Solution Items", "{7F6A9134-5CF2-4211-8495-C4E06A8B1173}"
	ProjectSection(SolutionItems) = preProject
		README.MD = README.MD
		RELEASENOTES.MD = RELEASENOTES.MD
	EndProjectSection
EndProject
Global
	GlobalSection(SolutionConfigurationPlatforms) = preSolution
		Debug|Any CPU = Debug|Any CPU
		Release|Any CPU = Release|Any CPU
	EndGlobalSection
	GlobalSection(ProjectConfigurationPlatforms) = postSolution
		{535D77E5-A7FC-42DD-BCEC-776040A0E2A0}.Debug|Any CPU.ActiveCfg = Debug|Any CPU
		{535D77E5-A7FC-42DD-BCEC-776040A0E2A0}.Debug|Any CPU.Build.0 = Debug|Any CPU
		{535D77E5-A7FC-42DD-BCEC-776040A0E2A0}.Release|Any CPU.ActiveCfg = Release|Any CPU
		{535D77E5-A7FC-42DD-BCEC-776040A0E2A0}.Release|Any CPU.Build.0 = Release|Any CPU
		{003E8C99-1E0D-4ABA-A87F-EFA2F8831732}.Debug|Any CPU.ActiveCfg = Debug|Any CPU
		{003E8C99-1E0D-4ABA-A87F-EFA2F8831732}.Debug|Any CPU.Build.0 = Debug|Any CPU
		{003E8C99-1E0D-4ABA-A87F-EFA2F8831732}.Release|Any CPU.ActiveCfg = Release|Any CPU
		{003E8C99-1E0D-4ABA-A87F-EFA2F8831732}.Release|Any CPU.Build.0 = Release|Any CPU
		{EAC20636-012C-4CBE-B7CA-E719F4A0621F}.Debug|Any CPU.ActiveCfg = Debug|Any CPU
		{EAC20636-012C-4CBE-B7CA-E719F4A0621F}.Debug|Any CPU.Build.0 = Debug|Any CPU
		{EAC20636-012C-4CBE-B7CA-E719F4A0621F}.Release|Any CPU.ActiveCfg = Release|Any CPU
		{EAC20636-012C-4CBE-B7CA-E719F4A0621F}.Release|Any CPU.Build.0 = Release|Any CPU
	EndGlobalSection
	GlobalSection(SolutionProperties) = preSolution
		HideSolutionNode = FALSE
	EndGlobalSection
	GlobalSection(ExtensibilityGlobals) = postSolution
		SolutionGuid = {F823591D-0F55-44B6-B52F-8B80EFB7A410}
	EndGlobalSection
EndGlobal
