
Microsoft Visual Studio Solution File, Format Version 12.00
# Visual Studio Version 17
VisualStudioVersion = 17.1.31903.286
MinimumVisualStudioVersion = 10.0.40219.1
Project("{9A19103F-16F7-4668-BE54-9A1E7A4F7556}") = "WagonCardApp.Server", "src\Server\WagonCardApp.Server.csproj", "{2A32455B-436B-4091-842A-42A8695A0DFB}"
EndProject
Project("{9A19103F-16F7-4668-BE54-9A1E7A4F7556}") = "WagonCardApp.Client", "src\Client\WagonCardApp.Client.csproj", "{4A9739F4-5C92-4775-BD9C-F8081297911A}"
EndProject
Project("{9A19103F-16F7-4668-BE54-9A1E7A4F7556}") = "WagonCardApp.Shared", "src\Shared\WagonCardApp.Shared.csproj", "{C070B9B2-8BE4-47F3-9156-E2FCFF3004FA}"
EndProject
Project("{2150E333-8FDC-42A3-9474-1A3956D46DE8}") = "Solution Items", "Solution Items", "{71D40DF8-125D-4EB4-A8AA-DB572B3B3637}"
	ProjectSection(SolutionItems) = preProject
		Directory.Build.props = Directory.Build.props
		README.MD = README.MD
		RELEASENOTES.MD = RELEASENOTES.MD
	EndProjectSection
EndProject
Project("{9A19103F-16F7-4668-BE54-9A1E7A4F7556}") = "WagonCardApp.Shared.Tests", "WagonCardApp.Shared.Tests\WagonCardApp.Shared.Tests.csproj", "{30BE79D4-D39D-4157-8AFA-F1B13852935B}"
EndProject
Global
	GlobalSection(SolutionConfigurationPlatforms) = preSolution
		Debug|Any CPU = Debug|Any CPU
		Release|Any CPU = Release|Any CPU
	EndGlobalSection
	GlobalSection(ProjectConfigurationPlatforms) = postSolution
		{2A32455B-436B-4091-842A-42A8695A0DFB}.Debug|Any CPU.ActiveCfg = Debug|Any CPU
		{2A32455B-436B-4091-842A-42A8695A0DFB}.Debug|Any CPU.Build.0 = Debug|Any CPU
		{2A32455B-436B-4091-842A-42A8695A0DFB}.Release|Any CPU.ActiveCfg = Release|Any CPU
		{2A32455B-436B-4091-842A-42A8695A0DFB}.Release|Any CPU.Build.0 = Release|Any CPU
		{4A9739F4-5C92-4775-BD9C-F8081297911A}.Debug|Any CPU.ActiveCfg = Debug|Any CPU
		{4A9739F4-5C92-4775-BD9C-F8081297911A}.Debug|Any CPU.Build.0 = Debug|Any CPU
		{4A9739F4-5C92-4775-BD9C-F8081297911A}.Release|Any CPU.ActiveCfg = Release|Any CPU
		{4A9739F4-5C92-4775-BD9C-F8081297911A}.Release|Any CPU.Build.0 = Release|Any CPU
		{C070B9B2-8BE4-47F3-9156-E2FCFF3004FA}.Debug|Any CPU.ActiveCfg = Debug|Any CPU
		{C070B9B2-8BE4-47F3-9156-E2FCFF3004FA}.Debug|Any CPU.Build.0 = Debug|Any CPU
		{C070B9B2-8BE4-47F3-9156-E2FCFF3004FA}.Release|Any CPU.ActiveCfg = Release|Any CPU
		{C070B9B2-8BE4-47F3-9156-E2FCFF3004FA}.Release|Any CPU.Build.0 = Release|Any CPU
		{30BE79D4-D39D-4157-8AFA-F1B13852935B}.Debug|Any CPU.ActiveCfg = Debug|Any CPU
		{30BE79D4-D39D-4157-8AFA-F1B13852935B}.Debug|Any CPU.Build.0 = Debug|Any CPU
		{30BE79D4-D39D-4157-8AFA-F1B13852935B}.Release|Any CPU.ActiveCfg = Release|Any CPU
		{30BE79D4-D39D-4157-8AFA-F1B13852935B}.Release|Any CPU.Build.0 = Release|Any CPU
	EndGlobalSection
	GlobalSection(SolutionProperties) = preSolution
		HideSolutionNode = FALSE
	EndGlobalSection
	GlobalSection(ExtensibilityGlobals) = postSolution
		SolutionGuid = {F00F59CE-A527-41BB-B216-38B6018EFEB1}
	EndGlobalSection
EndGlobal
